<?xml version="1.0" encoding="utf-8"?>
<Project ToolsVersion="4.0" xmlns="http://schemas.microsoft.com/developer/msbuild/2003">
  <ItemGroup>
    <Filter Include="소스 파일">
      <UniqueIdentifier>{4FC737F1-C7A5-4376-A066-2A32D752A2FF}</UniqueIdentifier>
      <Extensions>cpp;c;cc;cxx;c++;cppm;ixx;def;odl;idl;hpj;bat;asm;asmx</Extensions>
    </Filter>
    <Filter Include="헤더 파일">
      <UniqueIdentifier>{93995380-89BD-4b04-88EB-625FBE52EBFB}</UniqueIdentifier>
      <Extensions>h;hh;hpp;hxx;h++;hm;inl;inc;ipp;xsd</Extensions>
    </Filter>
    <Filter Include="리소스 파일">
      <UniqueIdentifier>{67DA6AB6-F800-4c08-8B7A-83BB121AAD01}</UniqueIdentifier>
      <Extensions>rc;ico;cur;bmp;dlg;rc2;rct;bin;rgs;gif;jpg;jpeg;jpe;resx;tiff;tif;png;wav;mfcribbon-ms</Extensions>
    </Filter>
    <Filter Include="01. DeathDoor">
      <UniqueIdentifier>{4944e4c3-ce12-439c-8e67-8c0da9e8eb2a}</UniqueIdentifier>
    </Filter>
    <Filter Include="01. DeathDoor\01. Component">
      <UniqueIdentifier>{d4de7701-4615-4bf8-a418-43bb0ab460e3}</UniqueIdentifier>
    </Filter>
    <Filter Include="01. DeathDoor\02. Scene">
      <UniqueIdentifier>{0e0bde69-c5c9-4a15-a2d6-43a578849f00}</UniqueIdentifier>
    </Filter>
    <Filter Include="01. DeathDoor\03. Thread">
      <UniqueIdentifier>{42180e80-0472-474d-98a7-a772deadc658}</UniqueIdentifier>
    </Filter>
    <Filter Include="01. DeathDoor\01. Component\01. Node">
      <UniqueIdentifier>{7b0e6da8-459c-4071-b700-223224449d44}</UniqueIdentifier>
    </Filter>
    <Filter Include="01. DeathDoor\04. UI">
      <UniqueIdentifier>{2a530f1f-9b6e-42ce-ac7c-5d00d01699bf}</UniqueIdentifier>
    </Filter>
  </ItemGroup>
  <ItemGroup>
    <ClInclude Include="resource.h">
      <Filter>헤더 파일</Filter>
    </ClInclude>
    <ClInclude Include="Client3D.h">
      <Filter>헤더 파일</Filter>
    </ClInclude>
    <ClInclude Include="ClientManager3D.h">
      <Filter>헤더 파일</Filter>
    </ClInclude>
    <ClInclude Include="..\..\Editor\Include\DeathDoor\Component\Node\BatRecognize.h">
      <Filter>01. DeathDoor\01. Component\01. Node</Filter>
    </ClInclude>
    <ClInclude Include="..\..\Editor\Include\DeathDoor\Component\Node\BatRecognizeEndCheck.h">
      <Filter>01. DeathDoor\01. Component\01. Node</Filter>
    </ClInclude>
    <ClInclude Include="..\..\Editor\Include\DeathDoor\Component\Node\BatRecognizeStartCheck.h">
      <Filter>01. DeathDoor\01. Component\01. Node</Filter>
    </ClInclude>
    <ClInclude Include="..\..\Editor\Include\DeathDoor\Component\Node\BossBettyAngryAttackNode.h">
      <Filter>01. DeathDoor\01. Component\01. Node</Filter>
    </ClInclude>
    <ClInclude Include="..\..\Editor\Include\DeathDoor\Component\Node\BossBettyChangeAttackDirNode.h">
      <Filter>01. DeathDoor\01. Component\01. Node</Filter>
    </ClInclude>
    <ClInclude Include="..\..\Editor\Include\DeathDoor\Component\Node\BossBettyChangeDirCheck.h">
      <Filter>01. DeathDoor\01. Component\01. Node</Filter>
    </ClInclude>
    <ClInclude Include="..\..\Editor\Include\DeathDoor\Component\Node\BossBettyCloseAttackNode.h">
      <Filter>01. DeathDoor\01. Component\01. Node</Filter>
    </ClInclude>
    <ClInclude Include="..\..\Editor\Include\DeathDoor\Component\Node\BossBettyFarAttackTypeCheck.h">
      <Filter>01. DeathDoor\01. Component\01. Node</Filter>
    </ClInclude>
    <ClInclude Include="..\..\Editor\Include\DeathDoor\Component\Node\BossBettyHPStateCheck.h">
      <Filter>01. DeathDoor\01. Component\01. Node</Filter>
    </ClInclude>
    <ClInclude Include="..\..\Editor\Include\DeathDoor\Component\Node\BossBettyIdleAnimCheck.h">
      <Filter>01. DeathDoor\01. Component\01. Node</Filter>
    </ClInclude>
    <ClInclude Include="..\..\Editor\Include\DeathDoor\Component\Node\BossBettyIdleBeastNode.h">
      <Filter>01. DeathDoor\01. Component\01. Node</Filter>
    </ClInclude>
    <ClInclude Include="..\..\Editor\Include\DeathDoor\Component\Node\BossBettyIntroAnimCheck.h">
      <Filter>01. DeathDoor\01. Component\01. Node</Filter>
    </ClInclude>
    <ClInclude Include="..\..\Editor\Include\DeathDoor\Component\Node\BossBettyIntroNode.h">
      <Filter>01. DeathDoor\01. Component\01. Node</Filter>
    </ClInclude>
    <ClInclude Include="..\..\Editor\Include\DeathDoor\Component\Node\BossBettyJumpAttackNode.h">
      <Filter>01. DeathDoor\01. Component\01. Node</Filter>
    </ClInclude>
    <ClInclude Include="..\..\Editor\Include\DeathDoor\Component\Node\BossBettySpinAttackNode.h">
      <Filter>01. DeathDoor\01. Component\01. Node</Filter>
    </ClInclude>
    <ClInclude Include="..\..\Editor\Include\DeathDoor\Component\Node\BossBettyThrowAttackCheck.h">
      <Filter>01. DeathDoor\01. Component\01. Node</Filter>
    </ClInclude>
    <ClInclude Include="..\..\Editor\Include\DeathDoor\Component\Node\BossBettyThrowNode.h">
      <Filter>01. DeathDoor\01. Component\01. Node</Filter>
    </ClInclude>
    <ClInclude Include="..\..\Editor\Include\DeathDoor\Component\Node\BossKnightContinueAttackCheck.h">
      <Filter>01. DeathDoor\01. Component\01. Node</Filter>
    </ClInclude>
    <ClInclude Include="..\..\Editor\Include\DeathDoor\Component\Node\BossKnightContinueAttackNode.h">
      <Filter>01. DeathDoor\01. Component\01. Node</Filter>
    </ClInclude>
    <ClInclude Include="..\..\Editor\Include\DeathDoor\Component\Node\BossKnightCutScenePlayCheck.h">
      <Filter>01. DeathDoor\01. Component\01. Node</Filter>
    </ClInclude>
    <ClInclude Include="..\..\Editor\Include\DeathDoor\Component\Node\BossKnightCutScenePlayNode.h">
      <Filter>01. DeathDoor\01. Component\01. Node</Filter>
    </ClInclude>
    <ClInclude Include="..\..\Editor\Include\DeathDoor\Component\Node\BossKnightFinalAttackCheck.h">
      <Filter>01. DeathDoor\01. Component\01. Node</Filter>
    </ClInclude>
    <ClInclude Include="..\..\Editor\Include\DeathDoor\Component\Node\BossKnightFinalAttackNode.h">
      <Filter>01. DeathDoor\01. Component\01. Node</Filter>
    </ClInclude>
    <ClInclude Include="..\..\Editor\Include\DeathDoor\Component\Node\BossKnightIdleNode.h">
      <Filter>01. DeathDoor\01. Component\01. Node</Filter>
    </ClInclude>
    <ClInclude Include="..\..\Editor\Include\DeathDoor\Component\Node\BossKnightJumpAttackNode.h">
      <Filter>01. DeathDoor\01. Component\01. Node</Filter>
    </ClInclude>
    <ClInclude Include="..\..\Editor\Include\DeathDoor\Component\Node\BossKnightJumpAttackRangeCheck.h">
      <Filter>01. DeathDoor\01. Component\01. Node</Filter>
    </ClInclude>
    <ClInclude Include="..\..\Editor\Include\DeathDoor\Component\Node\BossKnightMeleeAttackNode.h">
      <Filter>01. DeathDoor\01. Component\01. Node</Filter>
    </ClInclude>
    <ClInclude Include="..\..\Editor\Include\DeathDoor\Component\Node\BossKnightPlayerEnterZoneCheck.h">
      <Filter>01. DeathDoor\01. Component\01. Node</Filter>
    </ClInclude>
    <ClInclude Include="..\..\Editor\Include\DeathDoor\Component\Node\BossKnightSlamEnd.h">
      <Filter>01. DeathDoor\01. Component\01. Node</Filter>
    </ClInclude>
    <ClInclude Include="..\..\Editor\Include\DeathDoor\Component\Node\BossKnightWalkNode.h">
      <Filter>01. DeathDoor\01. Component\01. Node</Filter>
    </ClInclude>
    <ClInclude Include="..\..\Editor\Include\DeathDoor\Component\Node\CancleShootNode.h">
      <Filter>01. DeathDoor\01. Component\01. Node</Filter>
    </ClInclude>
    <ClInclude Include="..\..\Editor\Include\DeathDoor\Component\Node\ChasePlayerNode.h">
      <Filter>01. DeathDoor\01. Component\01. Node</Filter>
    </ClInclude>
    <ClInclude Include="..\..\Editor\Include\DeathDoor\Component\Node\CheckDetectRangeNode.h">
      <Filter>01. DeathDoor\01. Component\01. Node</Filter>
    </ClInclude>
    <ClInclude Include="..\..\Editor\Include\DeathDoor\Component\Node\CheckState.h">
      <Filter>01. DeathDoor\01. Component\01. Node</Filter>
    </ClInclude>
    <ClInclude Include="..\..\Editor\Include\DeathDoor\Component\Node\ClearPathListNode.h">
      <Filter>01. DeathDoor\01. Component\01. Node</Filter>
    </ClInclude>
    <ClInclude Include="..\..\Editor\Include\DeathDoor\Component\Node\ClimbDown.h">
      <Filter>01. DeathDoor\01. Component\01. Node</Filter>
    </ClInclude>
    <ClInclude Include="..\..\Editor\Include\DeathDoor\Component\Node\ClimbDownContinueCheck.h">
      <Filter>01. DeathDoor\01. Component\01. Node</Filter>
    </ClInclude>
    <ClInclude Include="..\..\Editor\Include\DeathDoor\Component\Node\ClimbDownEnd.h">
      <Filter>01. DeathDoor\01. Component\01. Node</Filter>
    </ClInclude>
    <ClInclude Include="..\..\Editor\Include\DeathDoor\Component\Node\ClimbDownEndCheck.h">
      <Filter>01. DeathDoor\01. Component\01. Node</Filter>
    </ClInclude>
    <ClInclude Include="..\..\Editor\Include\DeathDoor\Component\Node\ClimbDownStart.h">
      <Filter>01. DeathDoor\01. Component\01. Node</Filter>
    </ClInclude>
    <ClInclude Include="..\..\Editor\Include\DeathDoor\Component\Node\ClimbDownStartCheck.h">
      <Filter>01. DeathDoor\01. Component\01. Node</Filter>
    </ClInclude>
    <ClInclude Include="..\..\Editor\Include\DeathDoor\Component\Node\ClimbingDownCheck.h">
      <Filter>01. DeathDoor\01. Component\01. Node</Filter>
    </ClInclude>
    <ClInclude Include="..\..\Editor\Include\DeathDoor\Component\Node\ClimbingUpStartCheck.h">
      <Filter>01. DeathDoor\01. Component\01. Node</Filter>
    </ClInclude>
    <ClInclude Include="..\..\Editor\Include\DeathDoor\Component\Node\ClimbKeyEnableCheck.h">
      <Filter>01. DeathDoor\01. Component\01. Node</Filter>
    </ClInclude>
    <ClInclude Include="..\..\Editor\Include\DeathDoor\Component\Node\ClimbPause.h">
      <Filter>01. DeathDoor\01. Component\01. Node</Filter>
    </ClInclude>
    <ClInclude Include="..\..\Editor\Include\DeathDoor\Component\Node\ClimbUp.h">
      <Filter>01. DeathDoor\01. Component\01. Node</Filter>
    </ClInclude>
    <ClInclude Include="..\..\Editor\Include\DeathDoor\Component\Node\ClimbUpContinueCheck.h">
      <Filter>01. DeathDoor\01. Component\01. Node</Filter>
    </ClInclude>
    <ClInclude Include="..\..\Editor\Include\DeathDoor\Component\Node\ClimbUpEnd.h">
      <Filter>01. DeathDoor\01. Component\01. Node</Filter>
    </ClInclude>
    <ClInclude Include="..\..\Editor\Include\DeathDoor\Component\Node\ClimbUpEndCheck.h">
      <Filter>01. DeathDoor\01. Component\01. Node</Filter>
    </ClInclude>
    <ClInclude Include="..\..\Editor\Include\DeathDoor\Component\Node\ClimbUpStart.h">
      <Filter>01. DeathDoor\01. Component\01. Node</Filter>
    </ClInclude>
    <ClInclude Include="..\..\Editor\Include\DeathDoor\Component\Node\CrowBossBypassCheck.h">
      <Filter>01. DeathDoor\01. Component\01. Node</Filter>
    </ClInclude>
    <ClInclude Include="..\..\Editor\Include\DeathDoor\Component\Node\CrowBossCutScenePlayCheck.h">
      <Filter>01. DeathDoor\01. Component\01. Node</Filter>
    </ClInclude>
    <ClInclude Include="..\..\Editor\Include\DeathDoor\Component\Node\CrowBossCutScenePlayNode.h">
      <Filter>01. DeathDoor\01. Component\01. Node</Filter>
    </ClInclude>
    <ClInclude Include="..\..\Editor\Include\DeathDoor\Component\Node\CrowBossDoneCheck.h">
      <Filter>01. DeathDoor\01. Component\01. Node</Filter>
    </ClInclude>
    <ClInclude Include="..\..\Editor\Include\DeathDoor\Component\Node\CrowBossFirstShootCheck.h">
      <Filter>01. DeathDoor\01. Component\01. Node</Filter>
    </ClInclude>
    <ClInclude Include="..\..\Editor\Include\DeathDoor\Component\Node\CrowBossFlyNode.h">
      <Filter>01. DeathDoor\01. Component\01. Node</Filter>
    </ClInclude>
    <ClInclude Include="..\..\Editor\Include\DeathDoor\Component\Node\CrowBossJump.h">
      <Filter>01. DeathDoor\01. Component\01. Node</Filter>
    </ClInclude>
    <ClInclude Include="..\..\Editor\Include\DeathDoor\Component\Node\CrowBossJumpAttackRangeCheck.h">
      <Filter>01. DeathDoor\01. Component\01. Node</Filter>
    </ClInclude>
    <ClInclude Include="..\..\Editor\Include\DeathDoor\Component\Node\CrowBossJumpStartCheck.h">
      <Filter>01. DeathDoor\01. Component\01. Node</Filter>
    </ClInclude>
    <ClInclude Include="..\..\Editor\Include\DeathDoor\Component\Node\CrowBossLandingCheck.h">
      <Filter>01. DeathDoor\01. Component\01. Node</Filter>
    </ClInclude>
    <ClInclude Include="..\..\Editor\Include\DeathDoor\Component\Node\CrowBossMoveShootSpot.h">
      <Filter>01. DeathDoor\01. Component\01. Node</Filter>
    </ClInclude>
    <ClInclude Include="..\..\Editor\Include\DeathDoor\Component\Node\CrowBossPhasePickNode.h">
      <Filter>01. DeathDoor\01. Component\01. Node</Filter>
    </ClInclude>
    <ClInclude Include="..\..\Editor\Include\DeathDoor\Component\Node\CrowBossResetShootState.h">
      <Filter>01. DeathDoor\01. Component\01. Node</Filter>
    </ClInclude>
    <ClInclude Include="..\..\Editor\Include\DeathDoor\Component\Node\CrowBossRunNode.h">
      <Filter>01. DeathDoor\01. Component\01. Node</Filter>
    </ClInclude>
    <ClInclude Include="..\..\Editor\Include\DeathDoor\Component\Node\CrowBossShootCheck.h">
      <Filter>01. DeathDoor\01. Component\01. Node</Filter>
    </ClInclude>
    <ClInclude Include="..\..\Editor\Include\DeathDoor\Component\Node\CrowBossShootEndCheck.h">
      <Filter>01. DeathDoor\01. Component\01. Node</Filter>
    </ClInclude>
    <ClInclude Include="..\..\Editor\Include\DeathDoor\Component\Node\CrowBossShootNode.h">
      <Filter>01. DeathDoor\01. Component\01. Node</Filter>
    </ClInclude>
    <ClInclude Include="..\..\Editor\Include\DeathDoor\Component\Node\CrowBossShootReadyCheck.h">
      <Filter>01. DeathDoor\01. Component\01. Node</Filter>
    </ClInclude>
    <ClInclude Include="..\..\Editor\Include\DeathDoor\Component\Node\CrowBossSlide.h">
      <Filter>01. DeathDoor\01. Component\01. Node</Filter>
    </ClInclude>
    <ClInclude Include="..\..\Editor\Include\DeathDoor\Component\Node\CrowBossSpinNode.h">
      <Filter>01. DeathDoor\01. Component\01. Node</Filter>
    </ClInclude>
    <ClInclude Include="..\..\Editor\Include\DeathDoor\Component\Node\CrowBossSpitting.h">
      <Filter>01. DeathDoor\01. Component\01. Node</Filter>
    </ClInclude>
    <ClInclude Include="..\..\Editor\Include\DeathDoor\Component\Node\DeathCheck.h">
      <Filter>01. DeathDoor\01. Component\01. Node</Filter>
    </ClInclude>
    <ClInclude Include="..\..\Editor\Include\DeathDoor\Component\Node\DeathNode.h">
      <Filter>01. DeathDoor\01. Component\01. Node</Filter>
    </ClInclude>
    <ClInclude Include="..\..\Editor\Include\DeathDoor\Component\Node\DodgerDashCheck.h">
      <Filter>01. DeathDoor\01. Component\01. Node</Filter>
    </ClInclude>
    <ClInclude Include="..\..\Editor\Include\DeathDoor\Component\Node\DodgerDashNode.h">
      <Filter>01. DeathDoor\01. Component\01. Node</Filter>
    </ClInclude>
    <ClInclude Include="..\..\Editor\Include\DeathDoor\Component\Node\DodgerFirstAttackNode.h">
      <Filter>01. DeathDoor\01. Component\01. Node</Filter>
    </ClInclude>
    <ClInclude Include="..\..\Editor\Include\DeathDoor\Component\Node\DodgerPostAttackNode.h">
      <Filter>01. DeathDoor\01. Component\01. Node</Filter>
    </ClInclude>
    <ClInclude Include="..\..\Editor\Include\DeathDoor\Component\Node\DodgerSecondAttackCheck.h">
      <Filter>01. DeathDoor\01. Component\01. Node</Filter>
    </ClInclude>
    <ClInclude Include="..\..\Editor\Include\DeathDoor\Component\Node\DodgerSecondAttackNode.h">
      <Filter>01. DeathDoor\01. Component\01. Node</Filter>
    </ClInclude>
    <ClInclude Include="..\..\Editor\Include\DeathDoor\Component\Node\FindPathNode.h">
      <Filter>01. DeathDoor\01. Component\01. Node</Filter>
    </ClInclude>
    <ClInclude Include="..\..\Editor\Include\DeathDoor\Component\Node\GruntCommonAttackNode.h">
      <Filter>01. DeathDoor\01. Component\01. Node</Filter>
    </ClInclude>
    <ClInclude Include="..\..\Editor\Include\DeathDoor\Component\Node\GruntCommonHitNode.h">
      <Filter>01. DeathDoor\01. Component\01. Node</Filter>
    </ClInclude>
    <ClInclude Include="..\..\Editor\Include\DeathDoor\Component\Node\GruntCommonMoveStartCheckNode.h">
      <Filter>01. DeathDoor\01. Component\01. Node</Filter>
    </ClInclude>
    <ClInclude Include="..\..\Editor\Include\DeathDoor\Component\Node\GruntCommonSpawnCheckNode.h">
      <Filter>01. DeathDoor\01. Component\01. Node</Filter>
    </ClInclude>
    <ClInclude Include="..\..\Editor\Include\DeathDoor\Component\Node\GruntCommonSpawnNode.h">
      <Filter>01. DeathDoor\01. Component\01. Node</Filter>
    </ClInclude>
    <ClInclude Include="..\..\Editor\Include\DeathDoor\Component\Node\GruntCommonTraceNode.h">
      <Filter>01. DeathDoor\01. Component\01. Node</Filter>
    </ClInclude>
    <ClInclude Include="..\..\Editor\Include\DeathDoor\Component\Node\GruntCommonWalkNode.h">
      <Filter>01. DeathDoor\01. Component\01. Node</Filter>
    </ClInclude>
    <ClInclude Include="..\..\Editor\Include\DeathDoor\Component\Node\HeadRollerRollNode.h">
      <Filter>01. DeathDoor\01. Component\01. Node</Filter>
    </ClInclude>
    <ClInclude Include="..\..\Editor\Include\DeathDoor\Component\Node\HeadRollerStunCheck.h">
      <Filter>01. DeathDoor\01. Component\01. Node</Filter>
    </ClInclude>
    <ClInclude Include="..\..\Editor\Include\DeathDoor\Component\Node\HeadRollerStunNode.h">
      <Filter>01. DeathDoor\01. Component\01. Node</Filter>
    </ClInclude>
    <ClInclude Include="..\..\Editor\Include\DeathDoor\Component\Node\HitBackNode.h">
      <Filter>01. DeathDoor\01. Component\01. Node</Filter>
    </ClInclude>
    <ClInclude Include="..\..\Editor\Include\DeathDoor\Component\Node\HitCheckNode.h">
      <Filter>01. DeathDoor\01. Component\01. Node</Filter>
    </ClInclude>
    <ClInclude Include="..\..\Editor\Include\DeathDoor\Component\Node\HPCheck.h">
      <Filter>01. DeathDoor\01. Component\01. Node</Filter>
    </ClInclude>
    <ClInclude Include="..\..\Editor\Include\DeathDoor\Component\Node\IdleNode.h">
      <Filter>01. DeathDoor\01. Component\01. Node</Filter>
    </ClInclude>
    <ClInclude Include="..\..\Editor\Include\DeathDoor\Component\Node\IsClimbingCheck.h">
      <Filter>01. DeathDoor\01. Component\01. Node</Filter>
    </ClInclude>
    <ClInclude Include="..\..\Editor\Include\DeathDoor\Component\Node\IsCombatCheck.h">
      <Filter>01. DeathDoor\01. Component\01. Node</Filter>
    </ClInclude>
    <ClInclude Include="..\..\Editor\Include\DeathDoor\Component\Node\Lockstone3TriggerBoxAction.h">
      <Filter>01. DeathDoor\01. Component\01. Node</Filter>
    </ClInclude>
    <ClInclude Include="..\..\Editor\Include\DeathDoor\Component\Node\Lockstone3TriggerBoxHitCheck.h">
      <Filter>01. DeathDoor\01. Component\01. Node</Filter>
    </ClInclude>
    <ClInclude Include="..\..\Editor\Include\DeathDoor\Component\Node\LurkerHop.h">
      <Filter>01. DeathDoor\01. Component\01. Node</Filter>
    </ClInclude>
    <ClInclude Include="..\..\Editor\Include\DeathDoor\Component\Node\LurkerHopStartCheck.h">
      <Filter>01. DeathDoor\01. Component\01. Node</Filter>
    </ClInclude>
    <ClInclude Include="..\..\Editor\Include\DeathDoor\Component\Node\LurkerMeleeAttackPrep.h">
      <Filter>01. DeathDoor\01. Component\01. Node</Filter>
    </ClInclude>
    <ClInclude Include="..\..\Editor\Include\DeathDoor\Component\Node\MeleeAttackNode.h">
      <Filter>01. DeathDoor\01. Component\01. Node</Filter>
    </ClInclude>
    <ClInclude Include="..\..\Editor\Include\DeathDoor\Component\Node\MeleeRangeCheckNode.h">
      <Filter>01. DeathDoor\01. Component\01. Node</Filter>
    </ClInclude>
    <ClInclude Include="..\..\Editor\Include\DeathDoor\Component\Node\MonsterHitBack.h">
      <Filter>01. DeathDoor\01. Component\01. Node</Filter>
    </ClInclude>
    <ClInclude Include="..\..\Editor\Include\DeathDoor\Component\Node\MouseLButtonCheckNode.h">
      <Filter>01. DeathDoor\01. Component\01. Node</Filter>
    </ClInclude>
    <ClInclude Include="..\..\Editor\Include\DeathDoor\Component\Node\MouseRButtonCheckNode.h">
      <Filter>01. DeathDoor\01. Component\01. Node</Filter>
    </ClInclude>
    <ClInclude Include="..\..\Editor\Include\DeathDoor\Component\Node\MouseRButtonUpCheckNode.h">
      <Filter>01. DeathDoor\01. Component\01. Node</Filter>
    </ClInclude>
    <ClInclude Include="..\..\Editor\Include\DeathDoor\Component\Node\MoveInputCheckNode.h">
      <Filter>01. DeathDoor\01. Component\01. Node</Filter>
    </ClInclude>
    <ClInclude Include="..\..\Editor\Include\DeathDoor\Component\Node\MoveNode.h">
      <Filter>01. DeathDoor\01. Component\01. Node</Filter>
    </ClInclude>
    <ClInclude Include="..\..\Editor\Include\DeathDoor\Component\Node\NegateNode.h">
      <Filter>01. DeathDoor\01. Component\01. Node</Filter>
    </ClInclude>
    <ClInclude Include="..\..\Editor\Include\DeathDoor\Component\Node\NoInterruptNode.h">
      <Filter>01. DeathDoor\01. Component\01. Node</Filter>
    </ClInclude>
    <ClInclude Include="..\..\Editor\Include\DeathDoor\Component\Node\NormalAttack.h">
      <Filter>01. DeathDoor\01. Component\01. Node</Filter>
    </ClInclude>
    <ClInclude Include="..\..\Editor\Include\DeathDoor\Component\Node\PathFindEnableCheck.h">
      <Filter>01. DeathDoor\01. Component\01. Node</Filter>
    </ClInclude>
    <ClInclude Include="..\..\Editor\Include\DeathDoor\Component\Node\PathFindExecuteCheck.h">
      <Filter>01. DeathDoor\01. Component\01. Node</Filter>
    </ClInclude>
    <ClInclude Include="..\..\Editor\Include\DeathDoor\Component\Node\PathListEmptyCheck.h">
      <Filter>01. DeathDoor\01. Component\01. Node</Filter>
    </ClInclude>
    <ClInclude Include="..\..\Editor\Include\DeathDoor\Component\Node\PlagueKnightShootNode.h">
      <Filter>01. DeathDoor\01. Component\01. Node</Filter>
    </ClInclude>
    <ClInclude Include="..\..\Editor\Include\DeathDoor\Component\Node\PlayerEnterTriggerIsEnable.h">
      <Filter>01. DeathDoor\01. Component\01. Node</Filter>
    </ClInclude>
    <ClInclude Include="..\..\Editor\Include\DeathDoor\Component\Node\PlayerEnterZoneCheckNode.h">
      <Filter>01. DeathDoor\01. Component\01. Node</Filter>
    </ClInclude>
    <ClInclude Include="..\..\Editor\Include\DeathDoor\Component\Node\PlayerRoll.h">
      <Filter>01. DeathDoor\01. Component\01. Node</Filter>
    </ClInclude>
    <ClInclude Include="..\..\Editor\Include\DeathDoor\Component\Node\PostAttackDelayCheck.h">
      <Filter>01. DeathDoor\01. Component\01. Node</Filter>
    </ClInclude>
    <ClInclude Include="..\..\Editor\Include\DeathDoor\Component\Node\ReadyToShoot.h">
      <Filter>01. DeathDoor\01. Component\01. Node</Filter>
    </ClInclude>
    <ClInclude Include="..\..\Editor\Include\DeathDoor\Component\Node\RollInputCheck.h">
      <Filter>01. DeathDoor\01. Component\01. Node</Filter>
    </ClInclude>
    <ClInclude Include="..\..\Editor\Include\DeathDoor\Component\Node\RotateAttackDirectionNode.h">
      <Filter>01. DeathDoor\01. Component\01. Node</Filter>
    </ClInclude>
    <ClInclude Include="..\..\Editor\Include\DeathDoor\Component\Node\RunNode.h">
      <Filter>01. DeathDoor\01. Component\01. Node</Filter>
    </ClInclude>
    <ClInclude Include="..\..\Editor\Include\DeathDoor\Component\Node\ShootNode.h">
      <Filter>01. DeathDoor\01. Component\01. Node</Filter>
    </ClInclude>
    <ClInclude Include="..\..\Editor\Include\DeathDoor\Component\Node\SKeyInputCheck.h">
      <Filter>01. DeathDoor\01. Component\01. Node</Filter>
    </ClInclude>
    <ClInclude Include="..\..\Editor\Include\DeathDoor\Component\Node\SporeBoomerShootNode.h">
      <Filter>01. DeathDoor\01. Component\01. Node</Filter>
    </ClInclude>
    <ClInclude Include="..\..\Editor\Include\DeathDoor\Component\Node\StraightPathCheck.h">
      <Filter>01. DeathDoor\01. Component\01. Node</Filter>
    </ClInclude>
    <ClInclude Include="..\..\Editor\Include\DeathDoor\Component\Node\UpdateInputQueue.h">
      <Filter>01. DeathDoor\01. Component\01. Node</Filter>
    </ClInclude>
    <ClInclude Include="..\..\Editor\Include\DeathDoor\Component\Node\WKeyInputCheck.h">
      <Filter>01. DeathDoor\01. Component\01. Node</Filter>
    </ClInclude>
    <ClInclude Include="..\..\Editor\Include\DeathDoor\Component\Node\AddFallingFloorCallbackNode.h">
      <Filter>01. DeathDoor\01. Component\01. Node</Filter>
    </ClInclude>
    <ClInclude Include="..\..\Editor\Include\DeathDoor\Component\Node\AttackCoolTimeCheck.h">
      <Filter>01. DeathDoor\01. Component\01. Node</Filter>
    </ClInclude>
    <ClInclude Include="..\..\Editor\Include\DeathDoor\Component\TriggerBoxData.h">
      <Filter>01. DeathDoor\01. Component</Filter>
    </ClInclude>
    <ClInclude Include="..\..\Editor\Include\DeathDoor\Component\TriggerFireLamp.h">
      <Filter>01. DeathDoor\01. Component</Filter>
    </ClInclude>
    <ClInclude Include="..\..\Editor\Include\DeathDoor\Component\ArrowCollisionFireCollider.h">
      <Filter>01. DeathDoor\01. Component</Filter>
    </ClInclude>
    <ClInclude Include="..\..\Editor\Include\DeathDoor\Component\ArrowComponent.h">
      <Filter>01. DeathDoor\01. Component</Filter>
    </ClInclude>
    <ClInclude Include="..\..\Editor\Include\DeathDoor\Component\BatDataComponent.h">
      <Filter>01. DeathDoor\01. Component</Filter>
    </ClInclude>
    <ClInclude Include="..\..\Editor\Include\DeathDoor\Component\BossBettyDataComponent.h">
      <Filter>01. DeathDoor\01. Component</Filter>
    </ClInclude>
    <ClInclude Include="..\..\Editor\Include\DeathDoor\Component\CrackedBlockCollider.h">
      <Filter>01. DeathDoor\01. Component</Filter>
    </ClInclude>
    <ClInclude Include="..\..\Editor\Include\DeathDoor\Component\CrowBossDataComponent.h">
      <Filter>01. DeathDoor\01. Component</Filter>
    </ClInclude>
    <ClInclude Include="..\..\Editor\Include\DeathDoor\Component\DodgerDataComponent.h">
      <Filter>01. DeathDoor\01. Component</Filter>
    </ClInclude>
    <ClInclude Include="..\..\Editor\Include\DeathDoor\Component\EyeLaserComponent.h">
      <Filter>01. DeathDoor\01. Component</Filter>
    </ClInclude>
    <ClInclude Include="..\..\Editor\Include\DeathDoor\Component\FirePlantDataComponent.h">
      <Filter>01. DeathDoor\01. Component</Filter>
    </ClInclude>
    <ClInclude Include="..\..\Editor\Include\DeathDoor\Component\GameBehaviorTree.h">
      <Filter>01. DeathDoor\01. Component</Filter>
    </ClInclude>
    <ClInclude Include="..\..\Editor\Include\DeathDoor\Component\GameStateComponent.h">
      <Filter>01. DeathDoor\01. Component</Filter>
    </ClInclude>
    <ClInclude Include="..\..\Editor\Include\DeathDoor\Component\GruntCommonDataComponent.h">
      <Filter>01. DeathDoor\01. Component</Filter>
    </ClInclude>
    <ClInclude Include="..\..\Editor\Include\DeathDoor\Component\HeadRollerDataComponent.h">
      <Filter>01. DeathDoor\01. Component</Filter>
    </ClInclude>
    <ClInclude Include="..\..\Editor\Include\DeathDoor\Component\KnightDataComponent.h">
      <Filter>01. DeathDoor\01. Component</Filter>
    </ClInclude>
    <ClInclude Include="..\..\Editor\Include\DeathDoor\Component\LadderCollider.h">
      <Filter>01. DeathDoor\01. Component</Filter>
    </ClInclude>
    <ClInclude Include="..\..\Editor\Include\DeathDoor\Component\LoLStateComponent.h">
      <Filter>01. DeathDoor\01. Component</Filter>
    </ClInclude>
    <ClInclude Include="..\..\Editor\Include\DeathDoor\Component\LurkerDataComponent.h">
      <Filter>01. DeathDoor\01. Component</Filter>
    </ClInclude>
    <ClInclude Include="..\..\Editor\Include\DeathDoor\Component\MonsterBulletData.h">
      <Filter>01. DeathDoor\01. Component</Filter>
    </ClInclude>
    <ClInclude Include="..\..\Editor\Include\DeathDoor\Component\MonsterDataComponent.h">
      <Filter>01. DeathDoor\01. Component</Filter>
    </ClInclude>
    <ClInclude Include="..\..\Editor\Include\DeathDoor\Component\MonsterNavAgent.h">
      <Filter>01. DeathDoor\01. Component</Filter>
    </ClInclude>
    <ClInclude Include="..\..\Editor\Include\DeathDoor\Component\ObjectDataComponent.h">
      <Filter>01. DeathDoor\01. Component</Filter>
    </ClInclude>
    <ClInclude Include="..\..\Editor\Include\DeathDoor\Component\PlagueKnightDataComponent.h">
      <Filter>01. DeathDoor\01. Component</Filter>
    </ClInclude>
    <ClInclude Include="..\..\Editor\Include\DeathDoor\Component\PlayerBombComponent.h">
      <Filter>01. DeathDoor\01. Component</Filter>
    </ClInclude>
    <ClInclude Include="..\..\Editor\Include\DeathDoor\Component\PlayerBowComponent.h">
      <Filter>01. DeathDoor\01. Component</Filter>
    </ClInclude>
    <ClInclude Include="..\..\Editor\Include\DeathDoor\Component\PlayerDataComponent.h">
      <Filter>01. DeathDoor\01. Component</Filter>
    </ClInclude>
    <ClInclude Include="..\..\Editor\Include\DeathDoor\Component\PlayerHookComponent.h">
      <Filter>01. DeathDoor\01. Component</Filter>
    </ClInclude>
    <ClInclude Include="..\..\Editor\Include\DeathDoor\Component\PlayerNormalAttackCheckCollider.h">
      <Filter>01. DeathDoor\01. Component</Filter>
    </ClInclude>
    <ClInclude Include="..\..\Editor\Include\DeathDoor\Component\ProjectileComponent.h">
      <Filter>01. DeathDoor\01. Component</Filter>
    </ClInclude>
    <ClInclude Include="..\..\Editor\Include\DeathDoor\Component\SporeBoomerDataComponent.h">
      <Filter>01. DeathDoor\01. Component</Filter>
    </ClInclude>
    <ClInclude Include="..\..\Editor\Include\DeathDoor\Component\TinyCrowComponent.h">
      <Filter>01. DeathDoor\01. Component</Filter>
    </ClInclude>
    <ClInclude Include="..\..\Editor\Include\DeathDoor\Component\TinyCrowDataComponent.h">
      <Filter>01. DeathDoor\01. Component</Filter>
    </ClInclude>
    <ClInclude Include="..\..\Editor\Include\DeathDoor\Scene\DDPuzzleSceneMode.h">
      <Filter>01. DeathDoor\02. Scene</Filter>
    </ClInclude>
    <ClInclude Include="..\..\Editor\Include\DeathDoor\Scene\DDSceneMode.h">
      <Filter>01. DeathDoor\02. Scene</Filter>
    </ClInclude>
    <ClInclude Include="..\..\Editor\Include\DeathDoor\Scene\EndingScene.h">
      <Filter>01. DeathDoor\02. Scene</Filter>
    </ClInclude>
    <ClInclude Include="..\..\Editor\Include\DeathDoor\Scene\DDBossSceneMode.h">
      <Filter>01. DeathDoor\02. Scene</Filter>
    </ClInclude>
    <ClInclude Include="..\..\Editor\Include\DeathDoor\Scene\DDInstanceSceneMode.h">
      <Filter>01. DeathDoor\02. Scene</Filter>
    </ClInclude>
    <ClInclude Include="..\..\Editor\Include\DeathDoor\Scene\DDLogoScene.h">
      <Filter>01. DeathDoor\02. Scene</Filter>
    </ClInclude>
    <ClInclude Include="..\..\Editor\Include\DeathDoor\Thread\DDSceneLoadingThread.h">
      <Filter>01. DeathDoor\03. Thread</Filter>
    </ClInclude>
    <ClInclude Include="..\..\Editor\Include\DeathDoor\UI\UIManager.h">
      <Filter>01. DeathDoor\04. UI</Filter>
    </ClInclude>
    <ClInclude Include="..\..\Editor\Include\DeathDoor\UI\DDMouseWidgetWindow.h">
      <Filter>01. DeathDoor\04. UI</Filter>
    </ClInclude>
    <ClInclude Include="..\..\Editor\Include\DeathDoor\DataManager.h">
      <Filter>01. DeathDoor</Filter>
    </ClInclude>
    <ClInclude Include="..\..\Editor\Include\DeathDoor\DDFlag.h">
      <Filter>01. DeathDoor</Filter>
    </ClInclude>
    <ClInclude Include="..\..\Editor\Include\DeathDoor\DDUtil.h">
      <Filter>01. DeathDoor</Filter>
    </ClInclude>
  </ItemGroup>
  <ItemGroup>
    <ResourceCompile Include="Client3D.rc">
      <Filter>리소스 파일</Filter>
    </ResourceCompile>
  </ItemGroup>
  <ItemGroup>
    <Image Include="icon1.ico">
      <Filter>리소스 파일</Filter>
    </Image>
  </ItemGroup>
  <ItemGroup>
    <ClCompile Include="ClientManager3D.cpp">
      <Filter>소스 파일</Filter>
    </ClCompile>
    <ClCompile Include="main3D.cpp">
      <Filter>소스 파일</Filter>
    </ClCompile>
    <ClCompile Include="..\..\Editor\Include\DeathDoor\Component\Node\BatRecognizeEndCheck.cpp">
      <Filter>01. DeathDoor\01. Component\01. Node</Filter>
    </ClCompile>
    <ClCompile Include="..\..\Editor\Include\DeathDoor\Component\Node\BatRecognizeStartCheck.cpp">
      <Filter>01. DeathDoor\01. Component\01. Node</Filter>
    </ClCompile>
    <ClCompile Include="..\..\Editor\Include\DeathDoor\Component\Node\BossBettyAngryAttackNode.cpp">
      <Filter>01. DeathDoor\01. Component\01. Node</Filter>
    </ClCompile>
    <ClCompile Include="..\..\Editor\Include\DeathDoor\Component\Node\BossBettyChangeAttackDirNode.cpp">
      <Filter>01. DeathDoor\01. Component\01. Node</Filter>
    </ClCompile>
    <ClCompile Include="..\..\Editor\Include\DeathDoor\Component\Node\BossBettyChangeDirCheck.cpp">
      <Filter>01. DeathDoor\01. Component\01. Node</Filter>
    </ClCompile>
    <ClCompile Include="..\..\Editor\Include\DeathDoor\Component\Node\BossBettyCloseAttackNode.cpp">
      <Filter>01. DeathDoor\01. Component\01. Node</Filter>
    </ClCompile>
    <ClCompile Include="..\..\Editor\Include\DeathDoor\Component\Node\BossBettyFarAttackTypeCheck.cpp">
      <Filter>01. DeathDoor\01. Component\01. Node</Filter>
    </ClCompile>
    <ClCompile Include="..\..\Editor\Include\DeathDoor\Component\Node\BossBettyHPStateCheck.cpp">
      <Filter>01. DeathDoor\01. Component\01. Node</Filter>
    </ClCompile>
    <ClCompile Include="..\..\Editor\Include\DeathDoor\Component\Node\BossBettyIdleAnimCheck.cpp">
      <Filter>01. DeathDoor\01. Component\01. Node</Filter>
    </ClCompile>
    <ClCompile Include="..\..\Editor\Include\DeathDoor\Component\Node\BossBettyIdleBeastNode.cpp">
      <Filter>01. DeathDoor\01. Component\01. Node</Filter>
    </ClCompile>
    <ClCompile Include="..\..\Editor\Include\DeathDoor\Component\Node\BossBettyIntroAnimCheck.cpp">
      <Filter>01. DeathDoor\01. Component\01. Node</Filter>
    </ClCompile>
    <ClCompile Include="..\..\Editor\Include\DeathDoor\Component\Node\BossBettyIntroNode.cpp">
      <Filter>01. DeathDoor\01. Component\01. Node</Filter>
    </ClCompile>
    <ClCompile Include="..\..\Editor\Include\DeathDoor\Component\Node\BossBettyJumpAttackNode.cpp">
      <Filter>01. DeathDoor\01. Component\01. Node</Filter>
    </ClCompile>
    <ClCompile Include="..\..\Editor\Include\DeathDoor\Component\Node\BossBettySpinAttackNode.cpp">
      <Filter>01. DeathDoor\01. Component\01. Node</Filter>
    </ClCompile>
    <ClCompile Include="..\..\Editor\Include\DeathDoor\Component\Node\BossBettyThrowAttackCheck.cpp">
      <Filter>01. DeathDoor\01. Component\01. Node</Filter>
    </ClCompile>
    <ClCompile Include="..\..\Editor\Include\DeathDoor\Component\Node\BossBettyThrowNode.cpp">
      <Filter>01. DeathDoor\01. Component\01. Node</Filter>
    </ClCompile>
    <ClCompile Include="..\..\Editor\Include\DeathDoor\Component\Node\BossKnightContinueAttackCheck.cpp">
      <Filter>01. DeathDoor\01. Component\01. Node</Filter>
    </ClCompile>
    <ClCompile Include="..\..\Editor\Include\DeathDoor\Component\Node\BossKnightContinueAttackNode.cpp">
      <Filter>01. DeathDoor\01. Component\01. Node</Filter>
    </ClCompile>
    <ClCompile Include="..\..\Editor\Include\DeathDoor\Component\Node\BossKnightCutScenePlayCheck.cpp">
      <Filter>01. DeathDoor\01. Component\01. Node</Filter>
    </ClCompile>
    <ClCompile Include="..\..\Editor\Include\DeathDoor\Component\Node\BossKnightCutScenePlayNode.cpp">
      <Filter>01. DeathDoor\01. Component\01. Node</Filter>
    </ClCompile>
    <ClCompile Include="..\..\Editor\Include\DeathDoor\Component\Node\BossKnightFinalAttackCheck.cpp">
      <Filter>01. DeathDoor\01. Component\01. Node</Filter>
    </ClCompile>
    <ClCompile Include="..\..\Editor\Include\DeathDoor\Component\Node\BossKnightFinalAttackNode.cpp">
      <Filter>01. DeathDoor\01. Component\01. Node</Filter>
    </ClCompile>
    <ClCompile Include="..\..\Editor\Include\DeathDoor\Component\Node\BossKnightIdleNode.cpp">
      <Filter>01. DeathDoor\01. Component\01. Node</Filter>
    </ClCompile>
    <ClCompile Include="..\..\Editor\Include\DeathDoor\Component\Node\BossKnightJumpAttackNode.cpp">
      <Filter>01. DeathDoor\01. Component\01. Node</Filter>
    </ClCompile>
    <ClCompile Include="..\..\Editor\Include\DeathDoor\Component\Node\BossKnightJumpAttackRangeCheck.cpp">
      <Filter>01. DeathDoor\01. Component\01. Node</Filter>
    </ClCompile>
    <ClCompile Include="..\..\Editor\Include\DeathDoor\Component\Node\BossKnightMeleeAttackNode.cpp">
      <Filter>01. DeathDoor\01. Component\01. Node</Filter>
    </ClCompile>
    <ClCompile Include="..\..\Editor\Include\DeathDoor\Component\Node\BossKnightPlayerEnterZoneCheck.cpp">
      <Filter>01. DeathDoor\01. Component\01. Node</Filter>
    </ClCompile>
    <ClCompile Include="..\..\Editor\Include\DeathDoor\Component\Node\BossKnightSlamEnd.cpp">
      <Filter>01. DeathDoor\01. Component\01. Node</Filter>
    </ClCompile>
    <ClCompile Include="..\..\Editor\Include\DeathDoor\Component\Node\BossKnightWalkNode.cpp">
      <Filter>01. DeathDoor\01. Component\01. Node</Filter>
    </ClCompile>
    <ClCompile Include="..\..\Editor\Include\DeathDoor\Component\Node\CancleShootNode.cpp">
      <Filter>01. DeathDoor\01. Component\01. Node</Filter>
    </ClCompile>
    <ClCompile Include="..\..\Editor\Include\DeathDoor\Component\Node\ChasePlayerNode.cpp">
      <Filter>01. DeathDoor\01. Component\01. Node</Filter>
    </ClCompile>
    <ClCompile Include="..\..\Editor\Include\DeathDoor\Component\Node\CheckDetectRangeNode.cpp">
      <Filter>01. DeathDoor\01. Component\01. Node</Filter>
    </ClCompile>
    <ClCompile Include="..\..\Editor\Include\DeathDoor\Component\Node\CheckState.cpp">
      <Filter>01. DeathDoor\01. Component\01. Node</Filter>
    </ClCompile>
    <ClCompile Include="..\..\Editor\Include\DeathDoor\Component\Node\ClearPathListNode.cpp">
      <Filter>01. DeathDoor\01. Component\01. Node</Filter>
    </ClCompile>
    <ClCompile Include="..\..\Editor\Include\DeathDoor\Component\Node\ClimbDown.cpp">
      <Filter>01. DeathDoor\01. Component\01. Node</Filter>
    </ClCompile>
    <ClCompile Include="..\..\Editor\Include\DeathDoor\Component\Node\ClimbDownContinueCheck.cpp">
      <Filter>01. DeathDoor\01. Component\01. Node</Filter>
    </ClCompile>
    <ClCompile Include="..\..\Editor\Include\DeathDoor\Component\Node\ClimbDownEnd.cpp">
      <Filter>01. DeathDoor\01. Component\01. Node</Filter>
    </ClCompile>
    <ClCompile Include="..\..\Editor\Include\DeathDoor\Component\Node\ClimbDownEndCheck.cpp">
      <Filter>01. DeathDoor\01. Component\01. Node</Filter>
    </ClCompile>
    <ClCompile Include="..\..\Editor\Include\DeathDoor\Component\Node\ClimbDownStart.cpp">
      <Filter>01. DeathDoor\01. Component\01. Node</Filter>
    </ClCompile>
    <ClCompile Include="..\..\Editor\Include\DeathDoor\Component\Node\ClimbDownStartCheck.cpp">
      <Filter>01. DeathDoor\01. Component\01. Node</Filter>
    </ClCompile>
    <ClCompile Include="..\..\Editor\Include\DeathDoor\Component\Node\ClimbingDownCheck.cpp">
      <Filter>01. DeathDoor\01. Component\01. Node</Filter>
    </ClCompile>
    <ClCompile Include="..\..\Editor\Include\DeathDoor\Component\Node\ClimbingUpStartCheck.cpp">
      <Filter>01. DeathDoor\01. Component\01. Node</Filter>
    </ClCompile>
    <ClCompile Include="..\..\Editor\Include\DeathDoor\Component\Node\ClimbKeyEnableCheck.cpp">
      <Filter>01. DeathDoor\01. Component\01. Node</Filter>
    </ClCompile>
    <ClCompile Include="..\..\Editor\Include\DeathDoor\Component\Node\ClimbPause.cpp">
      <Filter>01. DeathDoor\01. Component\01. Node</Filter>
    </ClCompile>
    <ClCompile Include="..\..\Editor\Include\DeathDoor\Component\Node\ClimbUp.cpp">
      <Filter>01. DeathDoor\01. Component\01. Node</Filter>
    </ClCompile>
    <ClCompile Include="..\..\Editor\Include\DeathDoor\Component\Node\ClimbUpContinueCheck.cpp">
      <Filter>01. DeathDoor\01. Component\01. Node</Filter>
    </ClCompile>
    <ClCompile Include="..\..\Editor\Include\DeathDoor\Component\Node\ClimbUpEnd.cpp">
      <Filter>01. DeathDoor\01. Component\01. Node</Filter>
    </ClCompile>
    <ClCompile Include="..\..\Editor\Include\DeathDoor\Component\Node\ClimbUpEndCheck.cpp">
      <Filter>01. DeathDoor\01. Component\01. Node</Filter>
    </ClCompile>
    <ClCompile Include="..\..\Editor\Include\DeathDoor\Component\Node\ClimbUpStart.cpp">
      <Filter>01. DeathDoor\01. Component\01. Node</Filter>
    </ClCompile>
    <ClCompile Include="..\..\Editor\Include\DeathDoor\Component\Node\CrowBossBypassCheck.cpp">
      <Filter>01. DeathDoor\01. Component\01. Node</Filter>
    </ClCompile>
    <ClCompile Include="..\..\Editor\Include\DeathDoor\Component\Node\CrowBossCutScenePlayCheck.cpp">
      <Filter>01. DeathDoor\01. Component\01. Node</Filter>
    </ClCompile>
    <ClCompile Include="..\..\Editor\Include\DeathDoor\Component\Node\CrowBossCutScenePlayNode.cpp">
      <Filter>01. DeathDoor\01. Component\01. Node</Filter>
    </ClCompile>
    <ClCompile Include="..\..\Editor\Include\DeathDoor\Component\Node\CrowBossDoneCheck.cpp">
      <Filter>01. DeathDoor\01. Component\01. Node</Filter>
    </ClCompile>
    <ClCompile Include="..\..\Editor\Include\DeathDoor\Component\Node\CrowBossFirstShootCheck.cpp">
      <Filter>01. DeathDoor\01. Component\01. Node</Filter>
    </ClCompile>
    <ClCompile Include="..\..\Editor\Include\DeathDoor\Component\Node\CrowBossFlyNode.cpp">
      <Filter>01. DeathDoor\01. Component\01. Node</Filter>
    </ClCompile>
    <ClCompile Include="..\..\Editor\Include\DeathDoor\Component\Node\CrowBossJump.cpp">
      <Filter>01. DeathDoor\01. Component\01. Node</Filter>
    </ClCompile>
    <ClCompile Include="..\..\Editor\Include\DeathDoor\Component\Node\CrowBossJumpAttackRangeCheck.cpp">
      <Filter>01. DeathDoor\01. Component\01. Node</Filter>
    </ClCompile>
    <ClCompile Include="..\..\Editor\Include\DeathDoor\Component\Node\CrowBossJumpStartCheck.cpp">
      <Filter>01. DeathDoor\01. Component\01. Node</Filter>
    </ClCompile>
    <ClCompile Include="..\..\Editor\Include\DeathDoor\Component\Node\CrowBossLandingCheck.cpp">
      <Filter>01. DeathDoor\01. Component\01. Node</Filter>
    </ClCompile>
    <ClCompile Include="..\..\Editor\Include\DeathDoor\Component\Node\CrowBossMoveShootSpot.cpp">
      <Filter>01. DeathDoor\01. Component\01. Node</Filter>
    </ClCompile>
    <ClCompile Include="..\..\Editor\Include\DeathDoor\Component\Node\CrowBossPhasePickNode.cpp">
      <Filter>01. DeathDoor\01. Component\01. Node</Filter>
    </ClCompile>
    <ClCompile Include="..\..\Editor\Include\DeathDoor\Component\Node\CrowBossResetShootState.cpp">
      <Filter>01. DeathDoor\01. Component\01. Node</Filter>
    </ClCompile>
    <ClCompile Include="..\..\Editor\Include\DeathDoor\Component\Node\CrowBossRunNode.cpp">
      <Filter>01. DeathDoor\01. Component\01. Node</Filter>
    </ClCompile>
    <ClCompile Include="..\..\Editor\Include\DeathDoor\Component\Node\CrowBossShootCheck.cpp">
      <Filter>01. DeathDoor\01. Component\01. Node</Filter>
    </ClCompile>
    <ClCompile Include="..\..\Editor\Include\DeathDoor\Component\Node\CrowBossShootEndCheck.cpp">
      <Filter>01. DeathDoor\01. Component\01. Node</Filter>
    </ClCompile>
    <ClCompile Include="..\..\Editor\Include\DeathDoor\Component\Node\CrowBossShootNode.cpp">
      <Filter>01. DeathDoor\01. Component\01. Node</Filter>
    </ClCompile>
    <ClCompile Include="..\..\Editor\Include\DeathDoor\Component\Node\CrowBossShootReadyCheck.cpp">
      <Filter>01. DeathDoor\01. Component\01. Node</Filter>
    </ClCompile>
    <ClCompile Include="..\..\Editor\Include\DeathDoor\Component\Node\CrowBossSlide.cpp">
      <Filter>01. DeathDoor\01. Component\01. Node</Filter>
    </ClCompile>
    <ClCompile Include="..\..\Editor\Include\DeathDoor\Component\Node\CrowBossSpinNode.cpp">
      <Filter>01. DeathDoor\01. Component\01. Node</Filter>
    </ClCompile>
    <ClCompile Include="..\..\Editor\Include\DeathDoor\Component\Node\CrowBossSpitting.cpp">
      <Filter>01. DeathDoor\01. Component\01. Node</Filter>
    </ClCompile>
    <ClCompile Include="..\..\Editor\Include\DeathDoor\Component\Node\DeathCheck.cpp">
      <Filter>01. DeathDoor\01. Component\01. Node</Filter>
    </ClCompile>
    <ClCompile Include="..\..\Editor\Include\DeathDoor\Component\Node\DeathNode.cpp">
      <Filter>01. DeathDoor\01. Component\01. Node</Filter>
    </ClCompile>
    <ClCompile Include="..\..\Editor\Include\DeathDoor\Component\Node\DodgerDashCheck.cpp">
      <Filter>01. DeathDoor\01. Component\01. Node</Filter>
    </ClCompile>
    <ClCompile Include="..\..\Editor\Include\DeathDoor\Component\Node\DodgerDashNode.cpp">
      <Filter>01. DeathDoor\01. Component\01. Node</Filter>
    </ClCompile>
    <ClCompile Include="..\..\Editor\Include\DeathDoor\Component\Node\DodgerFirstAttackNode.cpp">
      <Filter>01. DeathDoor\01. Component\01. Node</Filter>
    </ClCompile>
    <ClCompile Include="..\..\Editor\Include\DeathDoor\Component\Node\DodgerPostAttackNode.cpp">
      <Filter>01. DeathDoor\01. Component\01. Node</Filter>
    </ClCompile>
    <ClCompile Include="..\..\Editor\Include\DeathDoor\Component\Node\DodgerSecondAttackCheck.cpp">
      <Filter>01. DeathDoor\01. Component\01. Node</Filter>
    </ClCompile>
    <ClCompile Include="..\..\Editor\Include\DeathDoor\Component\Node\DodgerSecondAttackNode.cpp">
      <Filter>01. DeathDoor\01. Component\01. Node</Filter>
    </ClCompile>
    <ClCompile Include="..\..\Editor\Include\DeathDoor\Component\Node\FindPathNode.cpp">
      <Filter>01. DeathDoor\01. Component\01. Node</Filter>
    </ClCompile>
    <ClCompile Include="..\..\Editor\Include\DeathDoor\Component\Node\GruntCommonAttackNode.cpp">
      <Filter>01. DeathDoor\01. Component\01. Node</Filter>
    </ClCompile>
    <ClCompile Include="..\..\Editor\Include\DeathDoor\Component\Node\GruntCommonHitNode.cpp">
      <Filter>01. DeathDoor\01. Component\01. Node</Filter>
    </ClCompile>
    <ClCompile Include="..\..\Editor\Include\DeathDoor\Component\Node\GruntCommonMoveStartCheckNode.cpp">
      <Filter>01. DeathDoor\01. Component\01. Node</Filter>
    </ClCompile>
    <ClCompile Include="..\..\Editor\Include\DeathDoor\Component\Node\GruntCommonSpawnCheckNode.cpp">
      <Filter>01. DeathDoor\01. Component\01. Node</Filter>
    </ClCompile>
    <ClCompile Include="..\..\Editor\Include\DeathDoor\Component\Node\GruntCommonSpawnNode.cpp">
      <Filter>01. DeathDoor\01. Component\01. Node</Filter>
    </ClCompile>
    <ClCompile Include="..\..\Editor\Include\DeathDoor\Component\Node\GruntCommonTraceNode.cpp">
      <Filter>01. DeathDoor\01. Component\01. Node</Filter>
    </ClCompile>
    <ClCompile Include="..\..\Editor\Include\DeathDoor\Component\Node\GruntCommonWalkNode.cpp">
      <Filter>01. DeathDoor\01. Component\01. Node</Filter>
    </ClCompile>
    <ClCompile Include="..\..\Editor\Include\DeathDoor\Component\Node\HeadRollerRollNode.cpp">
      <Filter>01. DeathDoor\01. Component\01. Node</Filter>
    </ClCompile>
    <ClCompile Include="..\..\Editor\Include\DeathDoor\Component\Node\HeadRollerStunCheck.cpp">
      <Filter>01. DeathDoor\01. Component\01. Node</Filter>
    </ClCompile>
    <ClCompile Include="..\..\Editor\Include\DeathDoor\Component\Node\HeadRollerStunNode.cpp">
      <Filter>01. DeathDoor\01. Component\01. Node</Filter>
    </ClCompile>
    <ClCompile Include="..\..\Editor\Include\DeathDoor\Component\Node\HitBackNode.cpp">
      <Filter>01. DeathDoor\01. Component\01. Node</Filter>
    </ClCompile>
    <ClCompile Include="..\..\Editor\Include\DeathDoor\Component\Node\HitCheckNode.cpp">
      <Filter>01. DeathDoor\01. Component\01. Node</Filter>
    </ClCompile>
    <ClCompile Include="..\..\Editor\Include\DeathDoor\Component\Node\HPCheck.cpp">
      <Filter>01. DeathDoor\01. Component\01. Node</Filter>
    </ClCompile>
    <ClCompile Include="..\..\Editor\Include\DeathDoor\Component\Node\IdleNode.cpp">
      <Filter>01. DeathDoor\01. Component\01. Node</Filter>
    </ClCompile>
    <ClCompile Include="..\..\Editor\Include\DeathDoor\Component\Node\IsClimbingCheck.cpp">
      <Filter>01. DeathDoor\01. Component\01. Node</Filter>
    </ClCompile>
    <ClCompile Include="..\..\Editor\Include\DeathDoor\Component\Node\IsCombatCheck.cpp">
      <Filter>01. DeathDoor\01. Component\01. Node</Filter>
    </ClCompile>
    <ClCompile Include="..\..\Editor\Include\DeathDoor\Component\Node\Lockstone3TriggerBoxAction.cpp">
      <Filter>01. DeathDoor\01. Component\01. Node</Filter>
    </ClCompile>
    <ClCompile Include="..\..\Editor\Include\DeathDoor\Component\Node\Lockstone3TriggerBoxHitCheck.cpp">
      <Filter>01. DeathDoor\01. Component\01. Node</Filter>
    </ClCompile>
    <ClCompile Include="..\..\Editor\Include\DeathDoor\Component\Node\LurkerHop.cpp">
      <Filter>01. DeathDoor\01. Component\01. Node</Filter>
    </ClCompile>
    <ClCompile Include="..\..\Editor\Include\DeathDoor\Component\Node\LurkerHopStartCheck.cpp">
      <Filter>01. DeathDoor\01. Component\01. Node</Filter>
    </ClCompile>
    <ClCompile Include="..\..\Editor\Include\DeathDoor\Component\Node\LurkerMeleeAttackPrep.cpp">
      <Filter>01. DeathDoor\01. Component\01. Node</Filter>
    </ClCompile>
    <ClCompile Include="..\..\Editor\Include\DeathDoor\Component\Node\MeleeAttackNode.cpp">
      <Filter>01. DeathDoor\01. Component\01. Node</Filter>
    </ClCompile>
    <ClCompile Include="..\..\Editor\Include\DeathDoor\Component\Node\MeleeRangeCheckNode.cpp">
      <Filter>01. DeathDoor\01. Component\01. Node</Filter>
    </ClCompile>
    <ClCompile Include="..\..\Editor\Include\DeathDoor\Component\Node\MonsterHitBack.cpp">
      <Filter>01. DeathDoor\01. Component\01. Node</Filter>
    </ClCompile>
    <ClCompile Include="..\..\Editor\Include\DeathDoor\Component\Node\MouseLButtonCheckNode.cpp">
      <Filter>01. DeathDoor\01. Component\01. Node</Filter>
    </ClCompile>
    <ClCompile Include="..\..\Editor\Include\DeathDoor\Component\Node\MouseRButtonCheckNode.cpp">
      <Filter>01. DeathDoor\01. Component\01. Node</Filter>
    </ClCompile>
    <ClCompile Include="..\..\Editor\Include\DeathDoor\Component\Node\MouseRButtonUpCheckNode.cpp">
      <Filter>01. DeathDoor\01. Component\01. Node</Filter>
    </ClCompile>
    <ClCompile Include="..\..\Editor\Include\DeathDoor\Component\Node\MoveInputCheckNode.cpp">
      <Filter>01. DeathDoor\01. Component\01. Node</Filter>
    </ClCompile>
    <ClCompile Include="..\..\Editor\Include\DeathDoor\Component\Node\MoveNode.cpp">
      <Filter>01. DeathDoor\01. Component\01. Node</Filter>
    </ClCompile>
    <ClCompile Include="..\..\Editor\Include\DeathDoor\Component\Node\NegateNode.cpp">
      <Filter>01. DeathDoor\01. Component\01. Node</Filter>
    </ClCompile>
    <ClCompile Include="..\..\Editor\Include\DeathDoor\Component\Node\NoInterruptNode.cpp">
      <Filter>01. DeathDoor\01. Component\01. Node</Filter>
    </ClCompile>
    <ClCompile Include="..\..\Editor\Include\DeathDoor\Component\Node\NormalAttack.cpp">
      <Filter>01. DeathDoor\01. Component\01. Node</Filter>
    </ClCompile>
    <ClCompile Include="..\..\Editor\Include\DeathDoor\Component\Node\PathFindEnableCheck.cpp">
      <Filter>01. DeathDoor\01. Component\01. Node</Filter>
    </ClCompile>
    <ClCompile Include="..\..\Editor\Include\DeathDoor\Component\Node\PathFindExecuteCheck.cpp">
      <Filter>01. DeathDoor\01. Component\01. Node</Filter>
    </ClCompile>
    <ClCompile Include="..\..\Editor\Include\DeathDoor\Component\Node\PathListEmptyCheck.cpp">
      <Filter>01. DeathDoor\01. Component\01. Node</Filter>
    </ClCompile>
    <ClCompile Include="..\..\Editor\Include\DeathDoor\Component\Node\PlagueKnightShootNode.cpp">
      <Filter>01. DeathDoor\01. Component\01. Node</Filter>
    </ClCompile>
    <ClCompile Include="..\..\Editor\Include\DeathDoor\Component\Node\PlayerEnterTriggerIsEnable.cpp">
      <Filter>01. DeathDoor\01. Component\01. Node</Filter>
    </ClCompile>
    <ClCompile Include="..\..\Editor\Include\DeathDoor\Component\Node\PlayerEnterZoneCheckNode.cpp">
      <Filter>01. DeathDoor\01. Component\01. Node</Filter>
    </ClCompile>
    <ClCompile Include="..\..\Editor\Include\DeathDoor\Component\Node\PlayerRoll.cpp">
      <Filter>01. DeathDoor\01. Component\01. Node</Filter>
    </ClCompile>
    <ClCompile Include="..\..\Editor\Include\DeathDoor\Component\Node\PostAttackDelayCheck.cpp">
      <Filter>01. DeathDoor\01. Component\01. Node</Filter>
    </ClCompile>
    <ClCompile Include="..\..\Editor\Include\DeathDoor\Component\Node\ReadyToShoot.cpp">
      <Filter>01. DeathDoor\01. Component\01. Node</Filter>
    </ClCompile>
    <ClCompile Include="..\..\Editor\Include\DeathDoor\Component\Node\RollInputCheck.cpp">
      <Filter>01. DeathDoor\01. Component\01. Node</Filter>
    </ClCompile>
    <ClCompile Include="..\..\Editor\Include\DeathDoor\Component\Node\RotateAttackDirectionNode.cpp">
      <Filter>01. DeathDoor\01. Component\01. Node</Filter>
    </ClCompile>
    <ClCompile Include="..\..\Editor\Include\DeathDoor\Component\Node\RunNode.cpp">
      <Filter>01. DeathDoor\01. Component\01. Node</Filter>
    </ClCompile>
    <ClCompile Include="..\..\Editor\Include\DeathDoor\Component\Node\ShootNode.cpp">
      <Filter>01. DeathDoor\01. Component\01. Node</Filter>
    </ClCompile>
    <ClCompile Include="..\..\Editor\Include\DeathDoor\Component\Node\SKeyInputCheck.cpp">
      <Filter>01. DeathDoor\01. Component\01. Node</Filter>
    </ClCompile>
    <ClCompile Include="..\..\Editor\Include\DeathDoor\Component\Node\SporeBoomerShootNode.cpp">
      <Filter>01. DeathDoor\01. Component\01. Node</Filter>
    </ClCompile>
    <ClCompile Include="..\..\Editor\Include\DeathDoor\Component\Node\StraightPathCheck.cpp">
      <Filter>01. DeathDoor\01. Component\01. Node</Filter>
    </ClCompile>
    <ClCompile Include="..\..\Editor\Include\DeathDoor\Component\Node\UpdateInputQueue.cpp">
      <Filter>01. DeathDoor\01. Component\01. Node</Filter>
    </ClCompile>
    <ClCompile Include="..\..\Editor\Include\DeathDoor\Component\Node\WKeyInputCheck.cpp">
      <Filter>01. DeathDoor\01. Component\01. Node</Filter>
    </ClCompile>
    <ClCompile Include="..\..\Editor\Include\DeathDoor\Component\Node\AddFallingFloorCallbackNode.cpp">
      <Filter>01. DeathDoor\01. Component\01. Node</Filter>
    </ClCompile>
    <ClCompile Include="..\..\Editor\Include\DeathDoor\Component\Node\AttackCoolTimeCheck.cpp">
      <Filter>01. DeathDoor\01. Component\01. Node</Filter>
    </ClCompile>
    <ClCompile Include="..\..\Editor\Include\DeathDoor\Component\Node\BatRecognize.cpp">
      <Filter>01. DeathDoor\01. Component\01. Node</Filter>
    </ClCompile>
    <ClCompile Include="..\..\Editor\Include\DeathDoor\Component\TriggerBoxData.cpp">
      <Filter>01. DeathDoor\01. Component</Filter>
    </ClCompile>
    <ClCompile Include="..\..\Editor\Include\DeathDoor\Component\TriggerFireLamp.cpp">
      <Filter>01. DeathDoor\01. Component</Filter>
    </ClCompile>
    <ClCompile Include="..\..\Editor\Include\DeathDoor\Component\ArrowCollisionFireCollider.cpp">
      <Filter>01. DeathDoor\01. Component</Filter>
    </ClCompile>
    <ClCompile Include="..\..\Editor\Include\DeathDoor\Component\ArrowComponent.cpp">
      <Filter>01. DeathDoor\01. Component</Filter>
    </ClCompile>
    <ClCompile Include="..\..\Editor\Include\DeathDoor\Component\BatDataComponent.cpp">
      <Filter>01. DeathDoor\01. Component</Filter>
    </ClCompile>
    <ClCompile Include="..\..\Editor\Include\DeathDoor\Component\BossBettyDataComponent.cpp">
      <Filter>01. DeathDoor\01. Component</Filter>
    </ClCompile>
    <ClCompile Include="..\..\Editor\Include\DeathDoor\Component\CrackedBlockCollider.cpp">
      <Filter>01. DeathDoor\01. Component</Filter>
    </ClCompile>
    <ClCompile Include="..\..\Editor\Include\DeathDoor\Component\CrowBossDataComponent.cpp">
      <Filter>01. DeathDoor\01. Component</Filter>
    </ClCompile>
    <ClCompile Include="..\..\Editor\Include\DeathDoor\Component\DodgerDataComponent.cpp">
      <Filter>01. DeathDoor\01. Component</Filter>
    </ClCompile>
    <ClCompile Include="..\..\Editor\Include\DeathDoor\Component\EyeLaserComponent.cpp">
      <Filter>01. DeathDoor\01. Component</Filter>
    </ClCompile>
    <ClCompile Include="..\..\Editor\Include\DeathDoor\Component\FirePlantDataComponent.cpp">
      <Filter>01. DeathDoor\01. Component</Filter>
    </ClCompile>
    <ClCompile Include="..\..\Editor\Include\DeathDoor\Component\GameBehaviorTree.cpp">
      <Filter>01. DeathDoor\01. Component</Filter>
    </ClCompile>
    <ClCompile Include="..\..\Editor\Include\DeathDoor\Component\GameStateComponent.cpp">
      <Filter>01. DeathDoor\01. Component</Filter>
    </ClCompile>
    <ClCompile Include="..\..\Editor\Include\DeathDoor\Component\GruntCommonDataComponent.cpp">
      <Filter>01. DeathDoor\01. Component</Filter>
    </ClCompile>
    <ClCompile Include="..\..\Editor\Include\DeathDoor\Component\HeadRollerDataComponent.cpp">
      <Filter>01. DeathDoor\01. Component</Filter>
    </ClCompile>
    <ClCompile Include="..\..\Editor\Include\DeathDoor\Component\KnightDataComponent.cpp">
      <Filter>01. DeathDoor\01. Component</Filter>
    </ClCompile>
    <ClCompile Include="..\..\Editor\Include\DeathDoor\Component\LadderCollider.cpp">
      <Filter>01. DeathDoor\01. Component</Filter>
    </ClCompile>
    <ClCompile Include="..\..\Editor\Include\DeathDoor\Component\LurkerDataComponent.cpp">
      <Filter>01. DeathDoor\01. Component</Filter>
    </ClCompile>
    <ClCompile Include="..\..\Editor\Include\DeathDoor\Component\MonsterBulletData.cpp">
      <Filter>01. DeathDoor\01. Component</Filter>
    </ClCompile>
    <ClCompile Include="..\..\Editor\Include\DeathDoor\Component\MonsterDataComponent.cpp">
      <Filter>01. DeathDoor\01. Component</Filter>
    </ClCompile>
    <ClCompile Include="..\..\Editor\Include\DeathDoor\Component\MonsterNavAgent.cpp">
      <Filter>01. DeathDoor\01. Component</Filter>
    </ClCompile>
    <ClCompile Include="..\..\Editor\Include\DeathDoor\Component\ObjectDataComponent.cpp">
      <Filter>01. DeathDoor\01. Component</Filter>
    </ClCompile>
    <ClCompile Include="..\..\Editor\Include\DeathDoor\Component\PlagueKnightDataComponent.cpp">
      <Filter>01. DeathDoor\01. Component</Filter>
    </ClCompile>
    <ClCompile Include="..\..\Editor\Include\DeathDoor\Component\PlayerBombComponent.cpp">
      <Filter>01. DeathDoor\01. Component</Filter>
    </ClCompile>
    <ClCompile Include="..\..\Editor\Include\DeathDoor\Component\PlayerBowComponent.cpp">
      <Filter>01. DeathDoor\01. Component</Filter>
    </ClCompile>
    <ClCompile Include="..\..\Editor\Include\DeathDoor\Component\PlayerDataComponent.cpp">
      <Filter>01. DeathDoor\01. Component</Filter>
    </ClCompile>
    <ClCompile Include="..\..\Editor\Include\DeathDoor\Component\PlayerHookComponent.cpp">
      <Filter>01. DeathDoor\01. Component</Filter>
    </ClCompile>
    <ClCompile Include="..\..\Editor\Include\DeathDoor\Component\PlayerNormalAttackCheckCollider.cpp">
      <Filter>01. DeathDoor\01. Component</Filter>
    </ClCompile>
    <ClCompile Include="..\..\Editor\Include\DeathDoor\Component\ProjectileComponent.cpp">
      <Filter>01. DeathDoor\01. Component</Filter>
    </ClCompile>
    <ClCompile Include="..\..\Editor\Include\DeathDoor\Component\SporeBoomerDataComponent.cpp">
      <Filter>01. DeathDoor\01. Component</Filter>
    </ClCompile>
    <ClCompile Include="..\..\Editor\Include\DeathDoor\Component\TinyCrowDataComponent.cpp">
      <Filter>01. DeathDoor\01. Component</Filter>
    </ClCompile>
    <ClCompile Include="..\..\Editor\Include\DeathDoor\Scene\DDSceneMode.cpp">
      <Filter>01. DeathDoor\02. Scene</Filter>
    </ClCompile>
    <ClCompile Include="..\..\Editor\Include\DeathDoor\Scene\EndingScene.cpp">
      <Filter>01. DeathDoor\02. Scene</Filter>
    </ClCompile>
    <ClCompile Include="..\..\Editor\Include\DeathDoor\Scene\DDBossSceneMode.cpp">
      <Filter>01. DeathDoor\02. Scene</Filter>
    </ClCompile>
    <ClCompile Include="..\..\Editor\Include\DeathDoor\Scene\DDInstanceSceneMode.cpp">
      <Filter>01. DeathDoor\02. Scene</Filter>
    </ClCompile>
    <ClCompile Include="..\..\Editor\Include\DeathDoor\Scene\DDLogoScene.cpp">
      <Filter>01. DeathDoor\02. Scene</Filter>
    </ClCompile>
    <ClCompile Include="..\..\Editor\Include\DeathDoor\Scene\DDPuzzleSceneMode.cpp">
      <Filter>01. DeathDoor\02. Scene</Filter>
    </ClCompile>
    <ClCompile Include="..\..\Editor\Include\DeathDoor\Thread\DDSceneLoadingThread.cpp">
      <Filter>01. DeathDoor\03. Thread</Filter>
    </ClCompile>
    <ClCompile Include="..\..\Editor\Include\DeathDoor\UI\DDMouseWidgetWindow.cpp">
      <Filter>01. DeathDoor\04. UI</Filter>
    </ClCompile>
    <ClCompile Include="..\..\Editor\Include\DeathDoor\UI\UIManager.cpp">
      <Filter>01. DeathDoor\04. UI</Filter>
    </ClCompile>
    <ClCompile Include="..\..\Editor\Include\DeathDoor\DDUtil.cpp">
      <Filter>01. DeathDoor</Filter>
    </ClCompile>
    <ClCompile Include="..\..\Editor\Include\DeathDoor\DataManager.cpp">
      <Filter>01. DeathDoor</Filter>
    </ClCompile>
  </ItemGroup>
</Project>